// !$*UTF8*$!
{
	archiveVersion = 1;
	classes = {
	};
	objectVersion = 56;
	objects = {

/* Begin PBXBuildFile section */
		9F0F6FAB2C0C07C500E236A5 /* BaseViewController.swift in Sources */ = {isa = PBXBuildFile; fileRef = 9F0F6FAA2C0C07C500E236A5 /* BaseViewController.swift */; };
		9F26991E2C1543A500996F5F /* .swiftlint.yml in Resources */ = {isa = PBXBuildFile; fileRef = 9F26991D2C1543A500996F5F /* .swiftlint.yml */; };
		9FD491642C0F04DF00445C45 /* BaseTableViewCell.swift in Sources */ = {isa = PBXBuildFile; fileRef = 9FD491632C0F04DF00445C45 /* BaseTableViewCell.swift */; };
		9FD491662C0F05F000445C45 /* BaseCollectionViewCell.swift in Sources */ = {isa = PBXBuildFile; fileRef = 9FD491652C0F05F000445C45 /* BaseCollectionViewCell.swift */; };
		9FD491682C0F097000445C45 /* TestViewController.swift in Sources */ = {isa = PBXBuildFile; fileRef = 9FD491672C0F097000445C45 /* TestViewController.swift */; };
		9FD4916D2C0F0C0900445C45 /* Extension+UIView.swift in Sources */ = {isa = PBXBuildFile; fileRef = 9FD4916C2C0F0C0900445C45 /* Extension+UIView.swift */; };
		9FD491772C114AD800445C45 /* BaseViewModel.swift in Sources */ = {isa = PBXBuildFile; fileRef = 9FD491762C114AD800445C45 /* BaseViewModel.swift */; };
		E11861C22C135F1700C423D3 /* DestinationTableViewCell.swift in Sources */ = {isa = PBXBuildFile; fileRef = E11861C12C135F1700C423D3 /* DestinationTableViewCell.swift */; };
		E11861C42C141E5600C423D3 /* Extension + UITextField.swift in Sources */ = {isa = PBXBuildFile; fileRef = E11861C32C141E5600C423D3 /* Extension + UITextField.swift */; };
		E11861C62C142DB600C423D3 /* Extension + Color.swift in Sources */ = {isa = PBXBuildFile; fileRef = E11861C52C142DB600C423D3 /* Extension + Color.swift */; };
		E11861CB2C17BA4F00C423D3 /* NetworkManager.swift in Sources */ = {isa = PBXBuildFile; fileRef = E11861CA2C17BA4F00C423D3 /* NetworkManager.swift */; };
		E11861CF2C17BB4A00C423D3 /* Alamofire in Frameworks */ = {isa = PBXBuildFile; productRef = E11861CE2C17BB4A00C423D3 /* Alamofire */; };
		E11861D12C17BB4A00C423D3 /* AlamofireDynamic in Frameworks */ = {isa = PBXBuildFile; productRef = E11861D02C17BB4A00C423D3 /* AlamofireDynamic */; };
		E11861D32C17BB7A00C423D3 /* ErrorCode.swift in Sources */ = {isa = PBXBuildFile; fileRef = E11861D22C17BB7A00C423D3 /* ErrorCode.swift */; };
		E11861D72C17BC1300C423D3 /* API.swift in Sources */ = {isa = PBXBuildFile; fileRef = E11861D62C17BC1300C423D3 /* API.swift */; };
		E11862002C19060E00C423D3 /* RxBlocking in Frameworks */ = {isa = PBXBuildFile; productRef = E11861FF2C19060E00C423D3 /* RxBlocking */; };
		E11862022C19060E00C423D3 /* RxBlocking-Dynamic in Frameworks */ = {isa = PBXBuildFile; productRef = E11862012C19060E00C423D3 /* RxBlocking-Dynamic */; };
		E11862042C19060E00C423D3 /* RxCocoa in Frameworks */ = {isa = PBXBuildFile; productRef = E11862032C19060E00C423D3 /* RxCocoa */; };
		E11862062C19060E00C423D3 /* RxCocoa-Dynamic in Frameworks */ = {isa = PBXBuildFile; productRef = E11862052C19060E00C423D3 /* RxCocoa-Dynamic */; };
		E11862082C19060E00C423D3 /* RxRelay in Frameworks */ = {isa = PBXBuildFile; productRef = E11862072C19060E00C423D3 /* RxRelay */; };
		E118620A2C19083900C423D3 /* Log.swift in Sources */ = {isa = PBXBuildFile; fileRef = E11862092C19083900C423D3 /* Log.swift */; };
		E118620C2C190D3F00C423D3 /* Parameters.swift in Sources */ = {isa = PBXBuildFile; fileRef = E118620B2C190D3F00C423D3 /* Parameters.swift */; };
		E118620E2C190EE900C423D3 /* Extension + Encodable.swift in Sources */ = {isa = PBXBuildFile; fileRef = E118620D2C190EE900C423D3 /* Extension + Encodable.swift */; };
		E11862122C1BAC3000C423D3 /* BusPositionAPI.swift in Sources */ = {isa = PBXBuildFile; fileRef = E11862112C1BAC3000C423D3 /* BusPositionAPI.swift */; };
		E18B7E5B2C05E6A500C94FFD /* AppDelegate.swift in Sources */ = {isa = PBXBuildFile; fileRef = E18B7E5A2C05E6A500C94FFD /* AppDelegate.swift */; };
		E18B7E5D2C05E6A500C94FFD /* SceneDelegate.swift in Sources */ = {isa = PBXBuildFile; fileRef = E18B7E5C2C05E6A500C94FFD /* SceneDelegate.swift */; };
		E18B7E642C05E6A700C94FFD /* Assets.xcassets in Resources */ = {isa = PBXBuildFile; fileRef = E18B7E632C05E6A700C94FFD /* Assets.xcassets */; };
		E18B7E672C05E6A700C94FFD /* LaunchScreen.storyboard in Resources */ = {isa = PBXBuildFile; fileRef = E18B7E652C05E6A700C94FFD /* LaunchScreen.storyboard */; };
		E1EEB6A72C115262009F7273 /* DestinationViewController.swift in Sources */ = {isa = PBXBuildFile; fileRef = E1EEB6A62C115262009F7273 /* DestinationViewController.swift */; };
		E1FDB9A42C1E8B8A0062E9D7 /* Constant.swift in Sources */ = {isa = PBXBuildFile; fileRef = E1FDB9A32C1E8B8A0062E9D7 /* Constant.swift */; };
/* End PBXBuildFile section */

/* Begin PBXFileReference section */
		9F0F6FAA2C0C07C500E236A5 /* BaseViewController.swift */ = {isa = PBXFileReference; lastKnownFileType = sourcecode.swift; path = BaseViewController.swift; sourceTree = "<group>"; };
		9F26991D2C1543A500996F5F /* .swiftlint.yml */ = {isa = PBXFileReference; lastKnownFileType = text.yaml; path = .swiftlint.yml; sourceTree = SOURCE_ROOT; };
		9FD491632C0F04DF00445C45 /* BaseTableViewCell.swift */ = {isa = PBXFileReference; lastKnownFileType = sourcecode.swift; path = BaseTableViewCell.swift; sourceTree = "<group>"; };
		9FD491652C0F05F000445C45 /* BaseCollectionViewCell.swift */ = {isa = PBXFileReference; lastKnownFileType = sourcecode.swift; path = BaseCollectionViewCell.swift; sourceTree = "<group>"; };
		9FD491672C0F097000445C45 /* TestViewController.swift */ = {isa = PBXFileReference; lastKnownFileType = sourcecode.swift; path = TestViewController.swift; sourceTree = "<group>"; };
		9FD4916C2C0F0C0900445C45 /* Extension+UIView.swift */ = {isa = PBXFileReference; lastKnownFileType = sourcecode.swift; path = "Extension+UIView.swift"; sourceTree = "<group>"; };
		9FD491762C114AD800445C45 /* BaseViewModel.swift */ = {isa = PBXFileReference; lastKnownFileType = sourcecode.swift; path = BaseViewModel.swift; sourceTree = "<group>"; };
		E11861C12C135F1700C423D3 /* DestinationTableViewCell.swift */ = {isa = PBXFileReference; lastKnownFileType = sourcecode.swift; path = DestinationTableViewCell.swift; sourceTree = "<group>"; };
		E11861C32C141E5600C423D3 /* Extension + UITextField.swift */ = {isa = PBXFileReference; lastKnownFileType = sourcecode.swift; path = "Extension + UITextField.swift"; sourceTree = "<group>"; };
		E11861C52C142DB600C423D3 /* Extension + Color.swift */ = {isa = PBXFileReference; lastKnownFileType = sourcecode.swift; path = "Extension + Color.swift"; sourceTree = "<group>"; };
		E11861CA2C17BA4F00C423D3 /* NetworkManager.swift */ = {isa = PBXFileReference; lastKnownFileType = sourcecode.swift; path = NetworkManager.swift; sourceTree = "<group>"; };
		E11861D22C17BB7A00C423D3 /* ErrorCode.swift */ = {isa = PBXFileReference; lastKnownFileType = sourcecode.swift; path = ErrorCode.swift; sourceTree = "<group>"; };
		E11861D62C17BC1300C423D3 /* API.swift */ = {isa = PBXFileReference; lastKnownFileType = sourcecode.swift; path = API.swift; sourceTree = "<group>"; };
		E11862092C19083900C423D3 /* Log.swift */ = {isa = PBXFileReference; lastKnownFileType = sourcecode.swift; path = Log.swift; sourceTree = "<group>"; };
		E118620B2C190D3F00C423D3 /* Parameters.swift */ = {isa = PBXFileReference; lastKnownFileType = sourcecode.swift; path = Parameters.swift; sourceTree = "<group>"; };
		E118620D2C190EE900C423D3 /* Extension + Encodable.swift */ = {isa = PBXFileReference; lastKnownFileType = sourcecode.swift; path = "Extension + Encodable.swift"; sourceTree = "<group>"; };
		E11862112C1BAC3000C423D3 /* BusPositionAPI.swift */ = {isa = PBXFileReference; lastKnownFileType = sourcecode.swift; path = BusPositionAPI.swift; sourceTree = "<group>"; };
		E18B7E572C05E6A500C94FFD /* Ijjeuminga.app */ = {isa = PBXFileReference; explicitFileType = wrapper.application; includeInIndex = 0; path = Ijjeuminga.app; sourceTree = BUILT_PRODUCTS_DIR; };
		E18B7E5A2C05E6A500C94FFD /* AppDelegate.swift */ = {isa = PBXFileReference; lastKnownFileType = sourcecode.swift; path = AppDelegate.swift; sourceTree = "<group>"; };
		E18B7E5C2C05E6A500C94FFD /* SceneDelegate.swift */ = {isa = PBXFileReference; lastKnownFileType = sourcecode.swift; path = SceneDelegate.swift; sourceTree = "<group>"; };
		E18B7E632C05E6A700C94FFD /* Assets.xcassets */ = {isa = PBXFileReference; lastKnownFileType = folder.assetcatalog; path = Assets.xcassets; sourceTree = "<group>"; };
		E18B7E662C05E6A700C94FFD /* Base */ = {isa = PBXFileReference; lastKnownFileType = file.storyboard; name = Base; path = Base.lproj/LaunchScreen.storyboard; sourceTree = "<group>"; };
		E18B7E682C05E6A700C94FFD /* Info.plist */ = {isa = PBXFileReference; lastKnownFileType = text.plist.xml; path = Info.plist; sourceTree = "<group>"; };
		E1EEB6A62C115262009F7273 /* DestinationViewController.swift */ = {isa = PBXFileReference; lastKnownFileType = sourcecode.swift; path = DestinationViewController.swift; sourceTree = "<group>"; };
		E1FDB9A32C1E8B8A0062E9D7 /* Constant.swift */ = {isa = PBXFileReference; lastKnownFileType = sourcecode.swift; path = Constant.swift; sourceTree = "<group>"; };
/* End PBXFileReference section */

/* Begin PBXFrameworksBuildPhase section */
		E18B7E542C05E6A500C94FFD /* Frameworks */ = {
			isa = PBXFrameworksBuildPhase;
			buildActionMask = 2147483647;
			files = (
				E11861CF2C17BB4A00C423D3 /* Alamofire in Frameworks */,
				E11862002C19060E00C423D3 /* RxBlocking in Frameworks */,
				E11862082C19060E00C423D3 /* RxRelay in Frameworks */,
				E11862042C19060E00C423D3 /* RxCocoa in Frameworks */,
				E11861D12C17BB4A00C423D3 /* AlamofireDynamic in Frameworks */,
				E11862062C19060E00C423D3 /* RxCocoa-Dynamic in Frameworks */,
				E11862022C19060E00C423D3 /* RxBlocking-Dynamic in Frameworks */,
			);
			runOnlyForDeploymentPostprocessing = 0;
		};
/* End PBXFrameworksBuildPhase section */

/* Begin PBXGroup section */
		9FD491612C0EFAAB00445C45 /* Cell */ = {
			isa = PBXGroup;
			children = (
				9FD491632C0F04DF00445C45 /* BaseTableViewCell.swift */,
				9FD491652C0F05F000445C45 /* BaseCollectionViewCell.swift */,
				E11861C12C135F1700C423D3 /* DestinationTableViewCell.swift */,
			);
			path = Cell;
			sourceTree = "<group>";
		};
		9FD491622C0EFABA00445C45 /* Sources */ = {
			isa = PBXGroup;
			children = (
				9FD491752C114ACC00445C45 /* ViewModel */,
				E18B7E732C05E8D600C94FFD /* ViewController */,
				E18B7E752C05E8DD00C94FFD /* Util */,
				9FD491612C0EFAAB00445C45 /* Cell */,
			);
			path = Sources;
			sourceTree = "<group>";
		};
		9FD4916E2C0F0D0D00445C45 /* Extension */ = {
			isa = PBXGroup;
			children = (
				9FD4916C2C0F0C0900445C45 /* Extension+UIView.swift */,
				E11861C32C141E5600C423D3 /* Extension + UITextField.swift */,
				E11861C52C142DB600C423D3 /* Extension + Color.swift */,
				E118620D2C190EE900C423D3 /* Extension + Encodable.swift */,
			);
			path = Extension;
			sourceTree = "<group>";
		};
		9FD491752C114ACC00445C45 /* ViewModel */ = {
			isa = PBXGroup;
			children = (
				9FD491762C114AD800445C45 /* BaseViewModel.swift */,
			);
			path = ViewModel;
			sourceTree = "<group>";
		};
		E11861C92C17BA4500C423D3 /* Network */ = {
			isa = PBXGroup;
			children = (
				E11861CA2C17BA4F00C423D3 /* NetworkManager.swift */,
				E11861D22C17BB7A00C423D3 /* ErrorCode.swift */,
			);
			path = Network;
			sourceTree = "<group>";
		};
		E11861D52C17BC0800C423D3 /* DataSource */ = {
			isa = PBXGroup;
			children = (
				E11862102C1BAC0E00C423D3 /* api */,
				E118620F2C1BAABF00C423D3 /* Remote */,
			);
			path = DataSource;
			sourceTree = "<group>";
		};
		E118620F2C1BAABF00C423D3 /* Remote */ = {
			isa = PBXGroup;
			children = (
				E11861D62C17BC1300C423D3 /* API.swift */,
			);
			path = Remote;
			sourceTree = "<group>";
		};
		E11862102C1BAC0E00C423D3 /* api */ = {
			isa = PBXGroup;
			children = (
				E11862112C1BAC3000C423D3 /* BusPositionAPI.swift */,
			);
			path = api;
			sourceTree = "<group>";
		};
		E18B7E4E2C05E6A500C94FFD = {
			isa = PBXGroup;
			children = (
				9F26991D2C1543A500996F5F /* .swiftlint.yml */,
				E18B7E592C05E6A500C94FFD /* Ijjeuminga */,
				E18B7E582C05E6A500C94FFD /* Products */,
			);
			sourceTree = "<group>";
		};
		E18B7E582C05E6A500C94FFD /* Products */ = {
			isa = PBXGroup;
			children = (
				E18B7E572C05E6A500C94FFD /* Ijjeuminga.app */,
			);
			name = Products;
			sourceTree = "<group>";
		};
		E18B7E592C05E6A500C94FFD /* Ijjeuminga */ = {
			isa = PBXGroup;
			children = (
				E11861D52C17BC0800C423D3 /* DataSource */,
				E11861C92C17BA4500C423D3 /* Network */,
				9FD491622C0EFABA00445C45 /* Sources */,
				E18B7E6F2C05E88600C94FFD /* Application */,
				E18B7E6E2C05E87B00C94FFD /* Resources */,
			);
			path = Ijjeuminga;
			sourceTree = "<group>";
		};
		E18B7E6E2C05E87B00C94FFD /* Resources */ = {
			isa = PBXGroup;
			children = (
				E18B7E652C05E6A700C94FFD /* LaunchScreen.storyboard */,
				E18B7E632C05E6A700C94FFD /* Assets.xcassets */,
				E18B7E682C05E6A700C94FFD /* Info.plist */,
			);
			path = Resources;
			sourceTree = "<group>";
		};
		E18B7E6F2C05E88600C94FFD /* Application */ = {
			isa = PBXGroup;
			children = (
				E18B7E5A2C05E6A500C94FFD /* AppDelegate.swift */,
				E18B7E5C2C05E6A500C94FFD /* SceneDelegate.swift */,
			);
			path = Application;
			sourceTree = "<group>";
		};
		E18B7E732C05E8D600C94FFD /* ViewController */ = {
			isa = PBXGroup;
			children = (
				9F0F6FAA2C0C07C500E236A5 /* BaseViewController.swift */,
				9FD491672C0F097000445C45 /* TestViewController.swift */,
				E1EEB6A62C115262009F7273 /* DestinationViewController.swift */,
			);
			path = ViewController;
			sourceTree = "<group>";
		};
		E18B7E752C05E8DD00C94FFD /* Util */ = {
			isa = PBXGroup;
			children = (
				E1FDB9A22C1E8B7A0062E9D7 /* Constants */,
				E11862092C19083900C423D3 /* Log.swift */,
				9FD4916E2C0F0D0D00445C45 /* Extension */,
				E118620B2C190D3F00C423D3 /* Parameters.swift */,
			);
			name = Util;
			path = ../Util;
			sourceTree = "<group>";
		};
		E1FDB9A22C1E8B7A0062E9D7 /* Constants */ = {
			isa = PBXGroup;
			children = (
				E1FDB9A32C1E8B8A0062E9D7 /* Constant.swift */,
			);
			path = Constants;
			sourceTree = "<group>";
		};
/* End PBXGroup section */

/* Begin PBXNativeTarget section */
		E18B7E562C05E6A500C94FFD /* Ijjeuminga */ = {
			isa = PBXNativeTarget;
			buildConfigurationList = E18B7E6B2C05E6A700C94FFD /* Build configuration list for PBXNativeTarget "Ijjeuminga" */;
			buildPhases = (
				E18B7E532C05E6A500C94FFD /* Sources */,
				E18B7E542C05E6A500C94FFD /* Frameworks */,
				E18B7E552C05E6A500C94FFD /* Resources */,
				9F10EAD12C15300A006EE938 /* SwiftLint */,
			);
			buildRules = (
			);
			dependencies = (
			);
			name = Ijjeuminga;
			packageProductDependencies = (
				E11861CE2C17BB4A00C423D3 /* Alamofire */,
				E11861D02C17BB4A00C423D3 /* AlamofireDynamic */,
				E11861FF2C19060E00C423D3 /* RxBlocking */,
				E11862012C19060E00C423D3 /* RxBlocking-Dynamic */,
				E11862032C19060E00C423D3 /* RxCocoa */,
				E11862052C19060E00C423D3 /* RxCocoa-Dynamic */,
				E11862072C19060E00C423D3 /* RxRelay */,
			);
			productName = Ijjeuminga;
			productReference = E18B7E572C05E6A500C94FFD /* Ijjeuminga.app */;
			productType = "com.apple.product-type.application";
		};
/* End PBXNativeTarget section */

/* Begin PBXProject section */
		E18B7E4F2C05E6A500C94FFD /* Project object */ = {
			isa = PBXProject;
			attributes = {
				BuildIndependentTargetsInParallel = 1;
				LastSwiftUpdateCheck = 1520;
				LastUpgradeCheck = 1520;
				TargetAttributes = {
					E18B7E562C05E6A500C94FFD = {
						CreatedOnToolsVersion = 15.2;
					};
				};
			};
			buildConfigurationList = E18B7E522C05E6A500C94FFD /* Build configuration list for PBXProject "Ijjeuminga" */;
			compatibilityVersion = "Xcode 14.0";
			developmentRegion = en;
			hasScannedForEncodings = 0;
			knownRegions = (
				en,
				Base,
			);
			mainGroup = E18B7E4E2C05E6A500C94FFD;
			packageReferences = (
				E11861CD2C17BAC700C423D3 /* XCRemoteSwiftPackageReference "Alamofire" */,
				E11861FE2C19060E00C423D3 /* XCRemoteSwiftPackageReference "RxSwift" */,
			);
			productRefGroup = E18B7E582C05E6A500C94FFD /* Products */;
			projectDirPath = "";
			projectRoot = "";
			targets = (
				E18B7E562C05E6A500C94FFD /* Ijjeuminga */,
			);
		};
/* End PBXProject section */

/* Begin PBXResourcesBuildPhase section */
		E18B7E552C05E6A500C94FFD /* Resources */ = {
			isa = PBXResourcesBuildPhase;
			buildActionMask = 2147483647;
			files = (
				9F26991E2C1543A500996F5F /* .swiftlint.yml in Resources */,
				E18B7E672C05E6A700C94FFD /* LaunchScreen.storyboard in Resources */,
				E18B7E642C05E6A700C94FFD /* Assets.xcassets in Resources */,
			);
			runOnlyForDeploymentPostprocessing = 0;
		};
/* End PBXResourcesBuildPhase section */

/* Begin PBXShellScriptBuildPhase section */
		9F10EAD12C15300A006EE938 /* SwiftLint */ = {
			isa = PBXShellScriptBuildPhase;
			alwaysOutOfDate = 1;
			buildActionMask = 2147483647;
			files = (
			);
			inputFileListPaths = (
			);
			inputPaths = (
			);
			name = SwiftLint;
			outputFileListPaths = (
			);
			outputPaths = (
			);
			runOnlyForDeploymentPostprocessing = 0;
			shellPath = /bin/sh;
			shellScript = "# Type a script or drag a script file from your workspace to insert its path.\n\nif type \"/opt/homebrew/bin/swiftlint\" &> /dev/null; then\n    /opt/homebrew/bin/swiftlint\nelif type \"/usr/local/bin/swiftlint\" &> /dev/null; then\n    /usr/local/bin/swiftlint\nelse\n    echo \"warning: SwiftLint not installed, download from https://github.com/realm/SwiftLint\"\nfi\n\n";
		};
/* End PBXShellScriptBuildPhase section */

/* Begin PBXSourcesBuildPhase section */
		E18B7E532C05E6A500C94FFD /* Sources */ = {
			isa = PBXSourcesBuildPhase;
			buildActionMask = 2147483647;
			files = (
				E11861D72C17BC1300C423D3 /* API.swift in Sources */,
				E11861CB2C17BA4F00C423D3 /* NetworkManager.swift in Sources */,
				E118620A2C19083900C423D3 /* Log.swift in Sources */,
				E1FDB9A42C1E8B8A0062E9D7 /* Constant.swift in Sources */,
				9FD491682C0F097000445C45 /* TestViewController.swift in Sources */,
				E11861C62C142DB600C423D3 /* Extension + Color.swift in Sources */,
				9FD4916D2C0F0C0900445C45 /* Extension+UIView.swift in Sources */,
				E11861C42C141E5600C423D3 /* Extension + UITextField.swift in Sources */,
				E11862122C1BAC3000C423D3 /* BusPositionAPI.swift in Sources */,
				9FD4916D2C0F0C0900445C45 /* Extension+UIView.swift in Sources */,
				E118620E2C190EE900C423D3 /* Extension + Encodable.swift in Sources */,
				9F0F6FAB2C0C07C500E236A5 /* BaseViewController.swift in Sources */,
				E118620C2C190D3F00C423D3 /* Parameters.swift in Sources */,
				E18B7E5B2C05E6A500C94FFD /* AppDelegate.swift in Sources */,
				E11861D32C17BB7A00C423D3 /* ErrorCode.swift in Sources */,
				9FD491642C0F04DF00445C45 /* BaseTableViewCell.swift in Sources */,
				9FD491772C114AD800445C45 /* BaseViewModel.swift in Sources */,
				E11861C22C135F1700C423D3 /* DestinationTableViewCell.swift in Sources */,
				E18B7E5D2C05E6A500C94FFD /* SceneDelegate.swift in Sources */,
				E1EEB6A72C115262009F7273 /* DestinationViewController.swift in Sources */,
				9FD491662C0F05F000445C45 /* BaseCollectionViewCell.swift in Sources */,
			);
			runOnlyForDeploymentPostprocessing = 0;
		};
/* End PBXSourcesBuildPhase section */

/* Begin PBXVariantGroup section */
		E18B7E652C05E6A700C94FFD /* LaunchScreen.storyboard */ = {
			isa = PBXVariantGroup;
			children = (
				E18B7E662C05E6A700C94FFD /* Base */,
			);
			name = LaunchScreen.storyboard;
			sourceTree = "<group>";
		};
/* End PBXVariantGroup section */

/* Begin XCBuildConfiguration section */
		E18B7E692C05E6A700C94FFD /* Debug */ = {
			isa = XCBuildConfiguration;
			buildSettings = {
				ALWAYS_SEARCH_USER_PATHS = NO;
				ASSETCATALOG_COMPILER_GENERATE_SWIFT_ASSET_SYMBOL_EXTENSIONS = YES;
				CLANG_ANALYZER_NONNULL = YES;
				CLANG_ANALYZER_NUMBER_OBJECT_CONVERSION = YES_AGGRESSIVE;
				CLANG_CXX_LANGUAGE_STANDARD = "gnu++20";
				CLANG_ENABLE_MODULES = YES;
				CLANG_ENABLE_OBJC_ARC = YES;
				CLANG_ENABLE_OBJC_WEAK = YES;
				CLANG_WARN_BLOCK_CAPTURE_AUTORELEASING = YES;
				CLANG_WARN_BOOL_CONVERSION = YES;
				CLANG_WARN_COMMA = YES;
				CLANG_WARN_CONSTANT_CONVERSION = YES;
				CLANG_WARN_DEPRECATED_OBJC_IMPLEMENTATIONS = YES;
				CLANG_WARN_DIRECT_OBJC_ISA_USAGE = YES_ERROR;
				CLANG_WARN_DOCUMENTATION_COMMENTS = YES;
				CLANG_WARN_EMPTY_BODY = YES;
				CLANG_WARN_ENUM_CONVERSION = YES;
				CLANG_WARN_INFINITE_RECURSION = YES;
				CLANG_WARN_INT_CONVERSION = YES;
				CLANG_WARN_NON_LITERAL_NULL_CONVERSION = YES;
				CLANG_WARN_OBJC_IMPLICIT_RETAIN_SELF = YES;
				CLANG_WARN_OBJC_LITERAL_CONVERSION = YES;
				CLANG_WARN_OBJC_ROOT_CLASS = YES_ERROR;
				CLANG_WARN_QUOTED_INCLUDE_IN_FRAMEWORK_HEADER = YES;
				CLANG_WARN_RANGE_LOOP_ANALYSIS = YES;
				CLANG_WARN_STRICT_PROTOTYPES = YES;
				CLANG_WARN_SUSPICIOUS_MOVE = YES;
				CLANG_WARN_UNGUARDED_AVAILABILITY = YES_AGGRESSIVE;
				CLANG_WARN_UNREACHABLE_CODE = YES;
				CLANG_WARN__DUPLICATE_METHOD_MATCH = YES;
				COPY_PHASE_STRIP = NO;
				DEBUG_INFORMATION_FORMAT = dwarf;
				ENABLE_STRICT_OBJC_MSGSEND = YES;
				ENABLE_TESTABILITY = YES;
				ENABLE_USER_SCRIPT_SANDBOXING = YES;
				GCC_C_LANGUAGE_STANDARD = gnu17;
				GCC_DYNAMIC_NO_PIC = NO;
				GCC_NO_COMMON_BLOCKS = YES;
				GCC_OPTIMIZATION_LEVEL = 0;
				GCC_PREPROCESSOR_DEFINITIONS = (
					"DEBUG=1",
					"$(inherited)",
				);
				GCC_WARN_64_TO_32_BIT_CONVERSION = YES;
				GCC_WARN_ABOUT_RETURN_TYPE = YES_ERROR;
				GCC_WARN_UNDECLARED_SELECTOR = YES;
				GCC_WARN_UNINITIALIZED_AUTOS = YES_AGGRESSIVE;
				GCC_WARN_UNUSED_FUNCTION = YES;
				GCC_WARN_UNUSED_VARIABLE = YES;
				IPHONEOS_DEPLOYMENT_TARGET = 17.2;
				LOCALIZATION_PREFERS_STRING_CATALOGS = YES;
				MTL_ENABLE_DEBUG_INFO = INCLUDE_SOURCE;
				MTL_FAST_MATH = YES;
				ONLY_ACTIVE_ARCH = YES;
				SDKROOT = iphoneos;
				SWIFT_ACTIVE_COMPILATION_CONDITIONS = "DEBUG $(inherited)";
				SWIFT_OPTIMIZATION_LEVEL = "-Onone";
			};
			name = Debug;
		};
		E18B7E6A2C05E6A700C94FFD /* Release */ = {
			isa = XCBuildConfiguration;
			buildSettings = {
				ALWAYS_SEARCH_USER_PATHS = NO;
				ASSETCATALOG_COMPILER_GENERATE_SWIFT_ASSET_SYMBOL_EXTENSIONS = YES;
				CLANG_ANALYZER_NONNULL = YES;
				CLANG_ANALYZER_NUMBER_OBJECT_CONVERSION = YES_AGGRESSIVE;
				CLANG_CXX_LANGUAGE_STANDARD = "gnu++20";
				CLANG_ENABLE_MODULES = YES;
				CLANG_ENABLE_OBJC_ARC = YES;
				CLANG_ENABLE_OBJC_WEAK = YES;
				CLANG_WARN_BLOCK_CAPTURE_AUTORELEASING = YES;
				CLANG_WARN_BOOL_CONVERSION = YES;
				CLANG_WARN_COMMA = YES;
				CLANG_WARN_CONSTANT_CONVERSION = YES;
				CLANG_WARN_DEPRECATED_OBJC_IMPLEMENTATIONS = YES;
				CLANG_WARN_DIRECT_OBJC_ISA_USAGE = YES_ERROR;
				CLANG_WARN_DOCUMENTATION_COMMENTS = YES;
				CLANG_WARN_EMPTY_BODY = YES;
				CLANG_WARN_ENUM_CONVERSION = YES;
				CLANG_WARN_INFINITE_RECURSION = YES;
				CLANG_WARN_INT_CONVERSION = YES;
				CLANG_WARN_NON_LITERAL_NULL_CONVERSION = YES;
				CLANG_WARN_OBJC_IMPLICIT_RETAIN_SELF = YES;
				CLANG_WARN_OBJC_LITERAL_CONVERSION = YES;
				CLANG_WARN_OBJC_ROOT_CLASS = YES_ERROR;
				CLANG_WARN_QUOTED_INCLUDE_IN_FRAMEWORK_HEADER = YES;
				CLANG_WARN_RANGE_LOOP_ANALYSIS = YES;
				CLANG_WARN_STRICT_PROTOTYPES = YES;
				CLANG_WARN_SUSPICIOUS_MOVE = YES;
				CLANG_WARN_UNGUARDED_AVAILABILITY = YES_AGGRESSIVE;
				CLANG_WARN_UNREACHABLE_CODE = YES;
				CLANG_WARN__DUPLICATE_METHOD_MATCH = YES;
				COPY_PHASE_STRIP = NO;
				DEBUG_INFORMATION_FORMAT = "dwarf-with-dsym";
				ENABLE_NS_ASSERTIONS = NO;
				ENABLE_STRICT_OBJC_MSGSEND = YES;
				ENABLE_USER_SCRIPT_SANDBOXING = YES;
				GCC_C_LANGUAGE_STANDARD = gnu17;
				GCC_NO_COMMON_BLOCKS = YES;
				GCC_WARN_64_TO_32_BIT_CONVERSION = YES;
				GCC_WARN_ABOUT_RETURN_TYPE = YES_ERROR;
				GCC_WARN_UNDECLARED_SELECTOR = YES;
				GCC_WARN_UNINITIALIZED_AUTOS = YES_AGGRESSIVE;
				GCC_WARN_UNUSED_FUNCTION = YES;
				GCC_WARN_UNUSED_VARIABLE = YES;
				IPHONEOS_DEPLOYMENT_TARGET = 17.2;
				LOCALIZATION_PREFERS_STRING_CATALOGS = YES;
				MTL_ENABLE_DEBUG_INFO = NO;
				MTL_FAST_MATH = YES;
				SDKROOT = iphoneos;
				SWIFT_COMPILATION_MODE = wholemodule;
				VALIDATE_PRODUCT = YES;
			};
			name = Release;
		};
		E18B7E6C2C05E6A700C94FFD /* Debug */ = {
			isa = XCBuildConfiguration;
			buildSettings = {
				ASSETCATALOG_COMPILER_APPICON_NAME = AppIcon;
				ASSETCATALOG_COMPILER_GLOBAL_ACCENT_COLOR_NAME = AccentColor;
				CODE_SIGN_STYLE = Automatic;
				CURRENT_PROJECT_VERSION = 1;
				DEVELOPMENT_TEAM = R4G74AF442;
				ENABLE_USER_SCRIPT_SANDBOXING = NO;
				GENERATE_INFOPLIST_FILE = YES;
				INFOPLIST_FILE = Ijjeuminga/Resources/Info.plist;
				INFOPLIST_KEY_UIApplicationSupportsIndirectInputEvents = YES;
				INFOPLIST_KEY_UILaunchStoryboardName = LaunchScreen;
				INFOPLIST_KEY_UISupportedInterfaceOrientations_iPad = "UIInterfaceOrientationPortrait UIInterfaceOrientationPortraitUpsideDown UIInterfaceOrientationLandscapeLeft UIInterfaceOrientationLandscapeRight";
				INFOPLIST_KEY_UISupportedInterfaceOrientations_iPhone = "UIInterfaceOrientationPortrait UIInterfaceOrientationLandscapeLeft UIInterfaceOrientationLandscapeRight";
				LD_RUNPATH_SEARCH_PATHS = (
					"$(inherited)",
					"@executable_path/Frameworks",
				);
				MARKETING_VERSION = 1.0;
				PRODUCT_BUNDLE_IDENTIFIER = com.ijjeuminga.Ijjeuminga;
				PRODUCT_NAME = "$(TARGET_NAME)";
				SERVER_HOST = "http://ws.bus.go.kr";
				SWIFT_EMIT_LOC_STRINGS = YES;
				SWIFT_VERSION = 5.0;
				TARGETED_DEVICE_FAMILY = "1,2";
			};
			name = Debug;
		};
		E18B7E6D2C05E6A700C94FFD /* Release */ = {
			isa = XCBuildConfiguration;
			buildSettings = {
				ASSETCATALOG_COMPILER_APPICON_NAME = AppIcon;
				ASSETCATALOG_COMPILER_GLOBAL_ACCENT_COLOR_NAME = AccentColor;
				CODE_SIGN_STYLE = Automatic;
				CURRENT_PROJECT_VERSION = 1;
				DEVELOPMENT_TEAM = R4G74AF442;
				ENABLE_USER_SCRIPT_SANDBOXING = NO;
				GENERATE_INFOPLIST_FILE = YES;
				INFOPLIST_FILE = Ijjeuminga/Resources/Info.plist;
				INFOPLIST_KEY_UIApplicationSupportsIndirectInputEvents = YES;
				INFOPLIST_KEY_UILaunchStoryboardName = LaunchScreen;
				INFOPLIST_KEY_UISupportedInterfaceOrientations_iPad = "UIInterfaceOrientationPortrait UIInterfaceOrientationPortraitUpsideDown UIInterfaceOrientationLandscapeLeft UIInterfaceOrientationLandscapeRight";
				INFOPLIST_KEY_UISupportedInterfaceOrientations_iPhone = "UIInterfaceOrientationPortrait UIInterfaceOrientationLandscapeLeft UIInterfaceOrientationLandscapeRight";
				LD_RUNPATH_SEARCH_PATHS = (
					"$(inherited)",
					"@executable_path/Frameworks",
				);
				MARKETING_VERSION = 1.0;
				PRODUCT_BUNDLE_IDENTIFIER = com.ijjeuminga.Ijjeuminga;
				PRODUCT_NAME = "$(TARGET_NAME)";
				SERVER_HOST = "http://ws.bus.go.kr";
				SWIFT_EMIT_LOC_STRINGS = YES;
				SWIFT_VERSION = 5.0;
				TARGETED_DEVICE_FAMILY = "1,2";
			};
			name = Release;
		};
/* End XCBuildConfiguration section */

/* Begin XCConfigurationList section */
		E18B7E522C05E6A500C94FFD /* Build configuration list for PBXProject "Ijjeuminga" */ = {
			isa = XCConfigurationList;
			buildConfigurations = (
				E18B7E692C05E6A700C94FFD /* Debug */,
				E18B7E6A2C05E6A700C94FFD /* Release */,
			);
			defaultConfigurationIsVisible = 0;
			defaultConfigurationName = Release;
		};
		E18B7E6B2C05E6A700C94FFD /* Build configuration list for PBXNativeTarget "Ijjeuminga" */ = {
			isa = XCConfigurationList;
			buildConfigurations = (
				E18B7E6C2C05E6A700C94FFD /* Debug */,
				E18B7E6D2C05E6A700C94FFD /* Release */,
			);
			defaultConfigurationIsVisible = 0;
			defaultConfigurationName = Release;
		};
/* End XCConfigurationList section */

/* Begin XCRemoteSwiftPackageReference section */
		E11861CD2C17BAC700C423D3 /* XCRemoteSwiftPackageReference "Alamofire" */ = {
			isa = XCRemoteSwiftPackageReference;
			repositoryURL = "https://github.com/Alamofire/Alamofire";
			requirement = {
				kind = upToNextMajorVersion;
				minimumVersion = 5.9.1;
			};
		};
		E11861FE2C19060E00C423D3 /* XCRemoteSwiftPackageReference "RxSwift" */ = {
			isa = XCRemoteSwiftPackageReference;
			repositoryURL = "https://github.com/ReactiveX/RxSwift";
			requirement = {
				kind = upToNextMajorVersion;
				minimumVersion = 6.7.1;
			};
		};
/* End XCRemoteSwiftPackageReference section */

/* Begin XCSwiftPackageProductDependency section */
		E11861CE2C17BB4A00C423D3 /* Alamofire */ = {
			isa = XCSwiftPackageProductDependency;
			package = E11861CD2C17BAC700C423D3 /* XCRemoteSwiftPackageReference "Alamofire" */;
			productName = Alamofire;
		};
		E11861D02C17BB4A00C423D3 /* AlamofireDynamic */ = {
			isa = XCSwiftPackageProductDependency;
			package = E11861CD2C17BAC700C423D3 /* XCRemoteSwiftPackageReference "Alamofire" */;
			productName = AlamofireDynamic;
		};
		E11861FF2C19060E00C423D3 /* RxBlocking */ = {
			isa = XCSwiftPackageProductDependency;
			package = E11861FE2C19060E00C423D3 /* XCRemoteSwiftPackageReference "RxSwift" */;
			productName = RxBlocking;
		};
		E11862012C19060E00C423D3 /* RxBlocking-Dynamic */ = {
			isa = XCSwiftPackageProductDependency;
			package = E11861FE2C19060E00C423D3 /* XCRemoteSwiftPackageReference "RxSwift" */;
			productName = "RxBlocking-Dynamic";
		};
		E11862032C19060E00C423D3 /* RxCocoa */ = {
			isa = XCSwiftPackageProductDependency;
			package = E11861FE2C19060E00C423D3 /* XCRemoteSwiftPackageReference "RxSwift" */;
			productName = RxCocoa;
		};
		E11862052C19060E00C423D3 /* RxCocoa-Dynamic */ = {
			isa = XCSwiftPackageProductDependency;
			package = E11861FE2C19060E00C423D3 /* XCRemoteSwiftPackageReference "RxSwift" */;
			productName = "RxCocoa-Dynamic";
		};
		E11862072C19060E00C423D3 /* RxRelay */ = {
			isa = XCSwiftPackageProductDependency;
			package = E11861FE2C19060E00C423D3 /* XCRemoteSwiftPackageReference "RxSwift" */;
			productName = RxRelay;
		};
/* End XCSwiftPackageProductDependency section */
	};
	rootObject = E18B7E4F2C05E6A500C94FFD /* Project object */;
}
