{
  "originHash" : "b8cb8eedf9836c3db9422997b1d820604e1fffc0ba6bb9948517fe9bb77993d8",
  "pins" : [
    {
      "identity" : "corexlsx",
      "kind" : "remoteSourceControl",
      "location" : "https://github.com/CoreOffice/CoreXLSX",
      "state" : {
        "revision" : "1391f3832ea2eeee5186ea8abb81ea49ed0609cc",
        "version" : "0.14.2"
      }
    },
    {
      "identity" : "rxswift",
      "kind" : "remoteSourceControl",
      "location" : "https://github.com/ReactiveX/RxSwift",
      "state" : {
        "revision" : "b06a8c8596e4c3e8e7788e08e720e3248563ce6a",
        "version" : "6.7.1"
      }
    },
    {
      "identity" : "xmlcoder",
      "kind" : "remoteSourceControl",
      "location" : "https://github.com/maxdesiatov/XMLCoder.git",
      "state" : {
        "revision" : "ca932442d7481700f5434a7b138c47dd42d9902b",
        "version" : "0.14.0"
      }
    },
    {
      "identity" : "zipfoundation",
      "kind" : "remoteSourceControl",
      "location" : "https://github.com/weichsel/ZIPFoundation.git",
      "state" : {
        "revision" : "02b6abe5f6eef7e3cbd5f247c5cc24e246efcfe0",
        "version" : "0.9.19"
      }
    }
  ],
  "version" : 3
}
